
Microsoft Visual Studio Solution File, Format Version 12.00
# Visual Studio 15
VisualStudioVersion = 15.0.28307.106
MinimumVisualStudioVersion = 10.0.40219.1
Project("{FAE04EC0-301F-11D3-BF4B-00C04F79EFBC}") = "HarmonySearchConsoleAlgorithm", "HarmonySearchConsoleAlgorithm\HarmonySearchConsoleAlgorithm.csproj", "{EE9503F9-06DA-4292-BE63-BBD6B2E724C7}"
EndProject
Global
	GlobalSection(SolutionConfigurationPlatforms) = preSolution
		Debug|Any CPU = Debug|Any CPU
		Release|Any CPU = Release|Any CPU
	EndGlobalSection
	GlobalSection(ProjectConfigurationPlatforms) = postSolution
		{EE9503F9-06DA-4292-BE63-BBD6B2E724C7}.Debug|Any CPU.ActiveCfg = Debug|Any CPU
		{EE9503F9-06DA-4292-BE63-BBD6B2E724C7}.Debug|Any CPU.Build.0 = Debug|Any CPU
		{EE9503F9-06DA-4292-BE63-BBD6B2E724C7}.Release|Any CPU.ActiveCfg = Release|Any CPU
		{EE9503F9-06DA-4292-BE63-BBD6B2E724C7}.Release|Any CPU.Build.0 = Release|Any CPU
	EndGlobalSection
	GlobalSection(SolutionProperties) = preSolution
		HideSolutionNode = FALSE
	EndGlobalSection
	GlobalSection(ExtensibilityGlobals) = postSolution
		SolutionGuid = {4BECD3DD-F6C5-431B-BE06-AC505C2644FF}
	EndGlobalSection
EndGlobal
